// !$*UTF8*$!
{
	archiveVersion = 1;
	classes = {
	};
	objectVersion = 46;
	objects = {

/* Begin PBXBuildFile section */
		043522181CBCAA8F00C22AF8 /* UITableViewCell+CellShadows.m in Sources */ = {isa = PBXBuildFile; fileRef = 043522171CBCAA8F00C22AF8 /* UITableViewCell+CellShadows.m */; };
		049CFFCE1CB5044B00F737CF /* YJImageViewer.m in Sources */ = {isa = PBXBuildFile; fileRef = 049CFFCD1CB5044B00F737CF /* YJImageViewer.m */; };
		049CFFD11CB510C700F737CF /* YJZoomingImageView.m in Sources */ = {isa = PBXBuildFile; fileRef = 049CFFD01CB510C700F737CF /* YJZoomingImageView.m */; };
		04D33C851CB6430600187B94 /* YJViewState.m in Sources */ = {isa = PBXBuildFile; fileRef = 04D33C841CB6430600187B94 /* YJViewState.m */; };
		04D345B31CB4A8170094ED26 /* main.m in Sources */ = {isa = PBXBuildFile; fileRef = 04D345B21CB4A8170094ED26 /* main.m */; };
		04D345B61CB4A8170094ED26 /* AppDelegate.m in Sources */ = {isa = PBXBuildFile; fileRef = 04D345B51CB4A8170094ED26 /* AppDelegate.m */; };
		04D345B91CB4A8170094ED26 /* ViewController.m in Sources */ = {isa = PBXBuildFile; fileRef = 04D345B81CB4A8170094ED26 /* ViewController.m */; };
		04D345BF1CB4A8170094ED26 /* imageTapViews.xcdatamodeld in Sources */ = {isa = PBXBuildFile; fileRef = 04D345BD1CB4A8170094ED26 /* imageTapViews.xcdatamodeld */; };
		04D345C11CB4A8170094ED26 /* Assets.xcassets in Resources */ = {isa = PBXBuildFile; fileRef = 04D345C01CB4A8170094ED26 /* Assets.xcassets */; };
		04D345C41CB4A8170094ED26 /* LaunchScreen.storyboard in Resources */ = {isa = PBXBuildFile; fileRef = 04D345C21CB4A8170094ED26 /* LaunchScreen.storyboard */; };
		04D345CF1CB4A8170094ED26 /* imageTapViewsTests.m in Sources */ = {isa = PBXBuildFile; fileRef = 04D345CE1CB4A8170094ED26 /* imageTapViewsTests.m */; };
		04D345DA1CB4A8170094ED26 /* imageTapViewsUITests.m in Sources */ = {isa = PBXBuildFile; fileRef = 04D345D91CB4A8170094ED26 /* imageTapViewsUITests.m */; };
		04D721101CBC995E002F348F /* NSString+YJMD5.m in Sources */ = {isa = PBXBuildFile; fileRef = 04D7210F1CBC995E002F348F /* NSString+YJMD5.m */; };
		04D753931CBB8FD500DA682C /* YJFileAttribute.m in Sources */ = {isa = PBXBuildFile; fileRef = 04D753921CBB8FD500DA682C /* YJFileAttribute.m */; };
		04D753961CBB978B00DA682C /* YJCacheManager.m in Sources */ = {isa = PBXBuildFile; fileRef = 04D753951CBB978B00DA682C /* YJCacheManager.m */; };
		04D7539C1CBB9D8100DA682C /* UIImage+UIimage.m in Sources */ = {isa = PBXBuildFile; fileRef = 04D7539B1CBB9D8100DA682C /* UIImage+UIimage.m */; };
/* End PBXBuildFile section */

/* Begin PBXContainerItemProxy section */
		04D345CB1CB4A8170094ED26 /* PBXContainerItemProxy */ = {
			isa = PBXContainerItemProxy;
			containerPortal = 04D345A61CB4A8170094ED26 /* Project object */;
			proxyType = 1;
			remoteGlobalIDString = 04D345AD1CB4A8170094ED26;
			remoteInfo = imageTapViews;
		};
		04D345D61CB4A8170094ED26 /* PBXContainerItemProxy */ = {
			isa = PBXContainerItemProxy;
			containerPortal = 04D345A61CB4A8170094ED26 /* Project object */;
			proxyType = 1;
			remoteGlobalIDString = 04D345AD1CB4A8170094ED26;
			remoteInfo = imageTapViews;
		};
/* End PBXContainerItemProxy section */

/* Begin PBXFileReference section */
		043522161CBCAA8F00C22AF8 /* UITableViewCell+CellShadows.h */ = {isa = PBXFileReference; fileEncoding = 4; lastKnownFileType = sourcecode.c.h; path = "UITableViewCell+CellShadows.h"; sourceTree = "<group>"; };
		043522171CBCAA8F00C22AF8 /* UITableViewCell+CellShadows.m */ = {isa = PBXFileReference; fileEncoding = 4; lastKnownFileType = sourcecode.c.objc; path = "UITableViewCell+CellShadows.m"; sourceTree = "<group>"; };
		049CFFCC1CB5044B00F737CF /* YJImageViewer.h */ = {isa = PBXFileReference; fileEncoding = 4; lastKnownFileType = sourcecode.c.h; path = YJImageViewer.h; sourceTree = "<group>"; };
		049CFFCD1CB5044B00F737CF /* YJImageViewer.m */ = {isa = PBXFileReference; fileEncoding = 4; lastKnownFileType = sourcecode.c.objc; path = YJImageViewer.m; sourceTree = "<group>"; };
		049CFFCF1CB510C700F737CF /* YJZoomingImageView.h */ = {isa = PBXFileReference; fileEncoding = 4; lastKnownFileType = sourcecode.c.h; path = YJZoomingImageView.h; sourceTree = "<group>"; };
		049CFFD01CB510C700F737CF /* YJZoomingImageView.m */ = {isa = PBXFileReference; fileEncoding = 4; lastKnownFileType = sourcecode.c.objc; path = YJZoomingImageView.m; sourceTree = "<group>"; };
		04D33C831CB6430600187B94 /* YJViewState.h */ = {isa = PBXFileReference; fileEncoding = 4; lastKnownFileType = sourcecode.c.h; path = YJViewState.h; sourceTree = "<group>"; };
		04D33C841CB6430600187B94 /* YJViewState.m */ = {isa = PBXFileReference; fileEncoding = 4; lastKnownFileType = sourcecode.c.objc; path = YJViewState.m; sourceTree = "<group>"; };
		04D345AE1CB4A8170094ED26 /* imageTapViews.app */ = {isa = PBXFileReference; explicitFileType = wrapper.application; includeInIndex = 0; path = imageTapViews.app; sourceTree = BUILT_PRODUCTS_DIR; };
		04D345B21CB4A8170094ED26 /* main.m */ = {isa = PBXFileReference; lastKnownFileType = sourcecode.c.objc; path = main.m; sourceTree = "<group>"; };
		04D345B41CB4A8170094ED26 /* AppDelegate.h */ = {isa = PBXFileReference; lastKnownFileType = sourcecode.c.h; path = AppDelegate.h; sourceTree = "<group>"; };
		04D345B51CB4A8170094ED26 /* AppDelegate.m */ = {isa = PBXFileReference; lastKnownFileType = sourcecode.c.objc; path = AppDelegate.m; sourceTree = "<group>"; };
		04D345B71CB4A8170094ED26 /* ViewController.h */ = {isa = PBXFileReference; lastKnownFileType = sourcecode.c.h; path = ViewController.h; sourceTree = "<group>"; };
		04D345B81CB4A8170094ED26 /* ViewController.m */ = {isa = PBXFileReference; lastKnownFileType = sourcecode.c.objc; path = ViewController.m; sourceTree = "<group>"; };
		04D345BE1CB4A8170094ED26 /* imageTapViews.xcdatamodel */ = {isa = PBXFileReference; lastKnownFileType = wrapper.xcdatamodel; path = imageTapViews.xcdatamodel; sourceTree = "<group>"; };
		04D345C01CB4A8170094ED26 /* Assets.xcassets */ = {isa = PBXFileReference; lastKnownFileType = folder.assetcatalog; path = Assets.xcassets; sourceTree = "<group>"; };
		04D345C31CB4A8170094ED26 /* Base */ = {isa = PBXFileReference; lastKnownFileType = file.storyboard; name = Base; path = Base.lproj/LaunchScreen.storyboard; sourceTree = "<group>"; };
		04D345C51CB4A8170094ED26 /* Info.plist */ = {isa = PBXFileReference; lastKnownFileType = text.plist.xml; path = Info.plist; sourceTree = "<group>"; };
		04D345CA1CB4A8170094ED26 /* imageTapViewsTests.xctest */ = {isa = PBXFileReference; explicitFileType = wrapper.cfbundle; includeInIndex = 0; path = imageTapViewsTests.xctest; sourceTree = BUILT_PRODUCTS_DIR; };
		04D345CE1CB4A8170094ED26 /* imageTapViewsTests.m */ = {isa = PBXFileReference; lastKnownFileType = sourcecode.c.objc; path = imageTapViewsTests.m; sourceTree = "<group>"; };
		04D345D01CB4A8170094ED26 /* Info.plist */ = {isa = PBXFileReference; lastKnownFileType = text.plist.xml; path = Info.plist; sourceTree = "<group>"; };
		04D345D51CB4A8170094ED26 /* imageTapViewsUITests.xctest */ = {isa = PBXFileReference; explicitFileType = wrapper.cfbundle; includeInIndex = 0; path = imageTapViewsUITests.xctest; sourceTree = BUILT_PRODUCTS_DIR; };
		04D345D91CB4A8170094ED26 /* imageTapViewsUITests.m */ = {isa = PBXFileReference; lastKnownFileType = sourcecode.c.objc; path = imageTapViewsUITests.m; sourceTree = "<group>"; };
		04D345DB1CB4A8170094ED26 /* Info.plist */ = {isa = PBXFileReference; lastKnownFileType = text.plist.xml; path = Info.plist; sourceTree = "<group>"; };
		04D7210E1CBC995E002F348F /* NSString+YJMD5.h */ = {isa = PBXFileReference; fileEncoding = 4; lastKnownFileType = sourcecode.c.h; path = "NSString+YJMD5.h"; sourceTree = "<group>"; };
		04D7210F1CBC995E002F348F /* NSString+YJMD5.m */ = {isa = PBXFileReference; fileEncoding = 4; lastKnownFileType = sourcecode.c.objc; path = "NSString+YJMD5.m"; sourceTree = "<group>"; };
		04D753911CBB8FD500DA682C /* YJFileAttribute.h */ = {isa = PBXFileReference; fileEncoding = 4; lastKnownFileType = sourcecode.c.h; path = YJFileAttribute.h; sourceTree = "<group>"; };
		04D753921CBB8FD500DA682C /* YJFileAttribute.m */ = {isa = PBXFileReference; fileEncoding = 4; lastKnownFileType = sourcecode.c.objc; path = YJFileAttribute.m; sourceTree = "<group>"; };
		04D753941CBB978B00DA682C /* YJCacheManager.h */ = {isa = PBXFileReference; fileEncoding = 4; lastKnownFileType = sourcecode.c.h; path = YJCacheManager.h; sourceTree = "<group>"; };
		04D753951CBB978B00DA682C /* YJCacheManager.m */ = {isa = PBXFileReference; fileEncoding = 4; lastKnownFileType = sourcecode.c.objc; path = YJCacheManager.m; sourceTree = "<group>"; };
		04D7539A1CBB9D8100DA682C /* UIImage+UIimage.h */ = {isa = PBXFileReference; fileEncoding = 4; lastKnownFileType = sourcecode.c.h; path = "UIImage+UIimage.h"; sourceTree = "<group>"; };
		04D7539B1CBB9D8100DA682C /* UIImage+UIimage.m */ = {isa = PBXFileReference; fileEncoding = 4; lastKnownFileType = sourcecode.c.objc; path = "UIImage+UIimage.m"; sourceTree = "<group>"; };
/* End PBXFileReference section */

/* Begin PBXFrameworksBuildPhase section */
		04D345AB1CB4A8170094ED26 /* Frameworks */ = {
			isa = PBXFrameworksBuildPhase;
			buildActionMask = 2147483647;
			files = (
			);
			runOnlyForDeploymentPostprocessing = 0;
		};
		04D345C71CB4A8170094ED26 /* Frameworks */ = {
			isa = PBXFrameworksBuildPhase;
			buildActionMask = 2147483647;
			files = (
			);
			runOnlyForDeploymentPostprocessing = 0;
		};
		04D345D21CB4A8170094ED26 /* Frameworks */ = {
			isa = PBXFrameworksBuildPhase;
			buildActionMask = 2147483647;
			files = (
			);
			runOnlyForDeploymentPostprocessing = 0;
		};
/* End PBXFrameworksBuildPhase section */

/* Begin PBXGroup section */
		049CFFCB1CB5042B00F737CF /* imageTabViewer */ = {
			isa = PBXGroup;
			children = (
				049CFFCC1CB5044B00F737CF /* YJImageViewer.h */,
				049CFFCD1CB5044B00F737CF /* YJImageViewer.m */,
				049CFFCF1CB510C700F737CF /* YJZoomingImageView.h */,
				049CFFD01CB510C700F737CF /* YJZoomingImageView.m */,
				04D33C831CB6430600187B94 /* YJViewState.h */,
				04D33C841CB6430600187B94 /* YJViewState.m */,
				04D753911CBB8FD500DA682C /* YJFileAttribute.h */,
				04D753921CBB8FD500DA682C /* YJFileAttribute.m */,
				04D753941CBB978B00DA682C /* YJCacheManager.h */,
				04D753951CBB978B00DA682C /* YJCacheManager.m */,
				04D7539A1CBB9D8100DA682C /* UIImage+UIimage.h */,
				04D7539B1CBB9D8100DA682C /* UIImage+UIimage.m */,
				04D7210E1CBC995E002F348F /* NSString+YJMD5.h */,
				04D7210F1CBC995E002F348F /* NSString+YJMD5.m */,
				043522161CBCAA8F00C22AF8 /* UITableViewCell+CellShadows.h */,
				043522171CBCAA8F00C22AF8 /* UITableViewCell+CellShadows.m */,
			);
			path = imageTabViewer;
			sourceTree = "<group>";
		};
		04D345A51CB4A8170094ED26 = {
			isa = PBXGroup;
			children = (
				04D345B01CB4A8170094ED26 /* imageTapViews */,
				04D345CD1CB4A8170094ED26 /* imageTapViewsTests */,
				04D345D81CB4A8170094ED26 /* imageTapViewsUITests */,
				04D345AF1CB4A8170094ED26 /* Products */,
			);
			sourceTree = "<group>";
		};
		04D345AF1CB4A8170094ED26 /* Products */ = {
			isa = PBXGroup;
			children = (
				04D345AE1CB4A8170094ED26 /* imageTapViews.app */,
				04D345CA1CB4A8170094ED26 /* imageTapViewsTests.xctest */,
				04D345D51CB4A8170094ED26 /* imageTapViewsUITests.xctest */,
			);
			name = Products;
			sourceTree = "<group>";
		};
		04D345B01CB4A8170094ED26 /* imageTapViews */ = {
			isa = PBXGroup;
			children = (
				049CFFCB1CB5042B00F737CF /* imageTabViewer */,
				04D345B41CB4A8170094ED26 /* AppDelegate.h */,
				04D345B51CB4A8170094ED26 /* AppDelegate.m */,
				04D345B71CB4A8170094ED26 /* ViewController.h */,
				04D345B81CB4A8170094ED26 /* ViewController.m */,
				04D345C01CB4A8170094ED26 /* Assets.xcassets */,
				04D345C21CB4A8170094ED26 /* LaunchScreen.storyboard */,
				04D345C51CB4A8170094ED26 /* Info.plist */,
				04D345BD1CB4A8170094ED26 /* imageTapViews.xcdatamodeld */,
				04D345B11CB4A8170094ED26 /* Supporting Files */,
			);
			path = imageTapViews;
			sourceTree = "<group>";
		};
		04D345B11CB4A8170094ED26 /* Supporting Files */ = {
			isa = PBXGroup;
			children = (
				04D345B21CB4A8170094ED26 /* main.m */,
			);
			name = "Supporting Files";
			sourceTree = "<group>";
		};
		04D345CD1CB4A8170094ED26 /* imageTapViewsTests */ = {
			isa = PBXGroup;
			children = (
				04D345CE1CB4A8170094ED26 /* imageTapViewsTests.m */,
				04D345D01CB4A8170094ED26 /* Info.plist */,
			);
			path = imageTapViewsTests;
			sourceTree = "<group>";
		};
		04D345D81CB4A8170094ED26 /* imageTapViewsUITests */ = {
			isa = PBXGroup;
			children = (
				04D345D91CB4A8170094ED26 /* imageTapViewsUITests.m */,
				04D345DB1CB4A8170094ED26 /* Info.plist */,
			);
			path = imageTapViewsUITests;
			sourceTree = "<group>";
		};
/* End PBXGroup section */

/* Begin PBXNativeTarget section */
		04D345AD1CB4A8170094ED26 /* imageTapViews */ = {
			isa = PBXNativeTarget;
			buildConfigurationList = 04D345DE1CB4A8170094ED26 /* Build configuration list for PBXNativeTarget "imageTapViews" */;
			buildPhases = (
				04D345AA1CB4A8170094ED26 /* Sources */,
				04D345AB1CB4A8170094ED26 /* Frameworks */,
				04D345AC1CB4A8170094ED26 /* Resources */,
			);
			buildRules = (
			);
			dependencies = (
			);
			name = imageTapViews;
			productName = imageTapViews;
			productReference = 04D345AE1CB4A8170094ED26 /* imageTapViews.app */;
			productType = "com.apple.product-type.application";
		};
		04D345C91CB4A8170094ED26 /* imageTapViewsTests */ = {
			isa = PBXNativeTarget;
			buildConfigurationList = 04D345E11CB4A8170094ED26 /* Build configuration list for PBXNativeTarget "imageTapViewsTests" */;
			buildPhases = (
				04D345C61CB4A8170094ED26 /* Sources */,
				04D345C71CB4A8170094ED26 /* Frameworks */,
				04D345C81CB4A8170094ED26 /* Resources */,
			);
			buildRules = (
			);
			dependencies = (
				04D345CC1CB4A8170094ED26 /* PBXTargetDependency */,
			);
			name = imageTapViewsTests;
			productName = imageTapViewsTests;
			productReference = 04D345CA1CB4A8170094ED26 /* imageTapViewsTests.xctest */;
			productType = "com.apple.product-type.bundle.unit-test";
		};
		04D345D41CB4A8170094ED26 /* imageTapViewsUITests */ = {
			isa = PBXNativeTarget;
			buildConfigurationList = 04D345E41CB4A8170094ED26 /* Build configuration list for PBXNativeTarget "imageTapViewsUITests" */;
			buildPhases = (
				04D345D11CB4A8170094ED26 /* Sources */,
				04D345D21CB4A8170094ED26 /* Frameworks */,
				04D345D31CB4A8170094ED26 /* Resources */,
			);
			buildRules = (
			);
			dependencies = (
				04D345D71CB4A8170094ED26 /* PBXTargetDependency */,
			);
			name = imageTapViewsUITests;
			productName = imageTapViewsUITests;
			productReference = 04D345D51CB4A8170094ED26 /* imageTapViewsUITests.xctest */;
			productType = "com.apple.product-type.bundle.ui-testing";
		};
/* End PBXNativeTarget section */

/* Begin PBXProject section */
		04D345A61CB4A8170094ED26 /* Project object */ = {
			isa = PBXProject;
			attributes = {
				LastUpgradeCheck = 0720;
				ORGANIZATIONNAME = mac;
				TargetAttributes = {
					04D345AD1CB4A8170094ED26 = {
						CreatedOnToolsVersion = 7.2;
						DevelopmentTeam = 93C85CNZYX;
					};
					04D345C91CB4A8170094ED26 = {
						CreatedOnToolsVersion = 7.2;
						TestTargetID = 04D345AD1CB4A8170094ED26;
					};
					04D345D41CB4A8170094ED26 = {
						CreatedOnToolsVersion = 7.2;
						TestTargetID = 04D345AD1CB4A8170094ED26;
					};
				};
			};
			buildConfigurationList = 04D345A91CB4A8170094ED26 /* Build configuration list for PBXProject "imageTapViews" */;
			compatibilityVersion = "Xcode 3.2";
			developmentRegion = English;
			hasScannedForEncodings = 0;
			knownRegions = (
				en,
				Base,
			);
			mainGroup = 04D345A51CB4A8170094ED26;
			productRefGroup = 04D345AF1CB4A8170094ED26 /* Products */;
			projectDirPath = "";
			projectRoot = "";
			targets = (
				04D345AD1CB4A8170094ED26 /* imageTapViews */,
				04D345C91CB4A8170094ED26 /* imageTapViewsTests */,
				04D345D41CB4A8170094ED26 /* imageTapViewsUITests */,
			);
		};
/* End PBXProject section */

/* Begin PBXResourcesBuildPhase section */
		04D345AC1CB4A8170094ED26 /* Resources */ = {
			isa = PBXResourcesBuildPhase;
			buildActionMask = 2147483647;
			files = (
				04D345C41CB4A8170094ED26 /* LaunchScreen.storyboard in Resources */,
				04D345C11CB4A8170094ED26 /* Assets.xcassets in Resources */,
			);
			runOnlyForDeploymentPostprocessing = 0;
		};
		04D345C81CB4A8170094ED26 /* Resources */ = {
			isa = PBXResourcesBuildPhase;
			buildActionMask = 2147483647;
			files = (
			);
			runOnlyForDeploymentPostprocessing = 0;
		};
		04D345D31CB4A8170094ED26 /* Resources */ = {
			isa = PBXResourcesBuildPhase;
			buildActionMask = 2147483647;
			files = (
			);
			runOnlyForDeploymentPostprocessing = 0;
		};
/* End PBXResourcesBuildPhase section */

/* Begin PBXSourcesBuildPhase section */
		04D345AA1CB4A8170094ED26 /* Sources */ = {
			isa = PBXSourcesBuildPhase;
			buildActionMask = 2147483647;
			files = (
				04D345BF1CB4A8170094ED26 /* imageTapViews.xcdatamodeld in Sources */,
				04D33C851CB6430600187B94 /* YJViewState.m in Sources */,
				049CFFCE1CB5044B00F737CF /* YJImageViewer.m in Sources */,
				04D721101CBC995E002F348F /* NSString+YJMD5.m in Sources */,
				04D753931CBB8FD500DA682C /* YJFileAttribute.m in Sources */,
				04D345B91CB4A8170094ED26 /* ViewController.m in Sources */,
				049CFFD11CB510C700F737CF /* YJZoomingImageView.m in Sources */,
				04D753961CBB978B00DA682C /* YJCacheManager.m in Sources */,
				04D7539C1CBB9D8100DA682C /* UIImage+UIimage.m in Sources */,
				043522181CBCAA8F00C22AF8 /* UITableViewCell+CellShadows.m in Sources */,
				04D345B61CB4A8170094ED26 /* AppDelegate.m in Sources */,
				04D345B31CB4A8170094ED26 /* main.m in Sources */,
			);
			runOnlyForDeploymentPostprocessing = 0;
		};
		04D345C61CB4A8170094ED26 /* Sources */ = {
			isa = PBXSourcesBuildPhase;
			buildActionMask = 2147483647;
			files = (
				04D345CF1CB4A8170094ED26 /* imageTapViewsTests.m in Sources */,
			);
			runOnlyForDeploymentPostprocessing = 0;
		};
		04D345D11CB4A8170094ED26 /* Sources */ = {
			isa = PBXSourcesBuildPhase;
			buildActionMask = 2147483647;
			files = (
				04D345DA1CB4A8170094ED26 /* imageTapViewsUITests.m in Sources */,
			);
			runOnlyForDeploymentPostprocessing = 0;
		};
/* End PBXSourcesBuildPhase section */

/* Begin PBXTargetDependency section */
		04D345CC1CB4A8170094ED26 /* PBXTargetDependency */ = {
			isa = PBXTargetDependency;
			target = 04D345AD1CB4A8170094ED26 /* imageTapViews */;
			targetProxy = 04D345CB1CB4A8170094ED26 /* PBXContainerItemProxy */;
		};
		04D345D71CB4A8170094ED26 /* PBXTargetDependency */ = {
			isa = PBXTargetDependency;
			target = 04D345AD1CB4A8170094ED26 /* imageTapViews */;
			targetProxy = 04D345D61CB4A8170094ED26 /* PBXContainerItemProxy */;
		};
/* End PBXTargetDependency section */

/* Begin PBXVariantGroup section */
		04D345C21CB4A8170094ED26 /* LaunchScreen.storyboard */ = {
			isa = PBXVariantGroup;
			children = (
				04D345C31CB4A8170094ED26 /* Base */,
			);
			name = LaunchScreen.storyboard;
			sourceTree = "<group>";
		};
/* End PBXVariantGroup section */

/* Begin XCBuildConfiguration section */
		04D345DC1CB4A8170094ED26 /* Debug */ = {
			isa = XCBuildConfiguration;
			buildSettings = {
				ALWAYS_SEARCH_USER_PATHS = NO;
				CLANG_CXX_LANGUAGE_STANDARD = "gnu++0x";
				CLANG_CXX_LIBRARY = "libc++";
				CLANG_ENABLE_MODULES = YES;
				CLANG_ENABLE_OBJC_ARC = YES;
				CLANG_WARN_BOOL_CONVERSION = YES;
				CLANG_WARN_CONSTANT_CONVERSION = YES;
				CLANG_WARN_DIRECT_OBJC_ISA_USAGE = YES_ERROR;
				CLANG_WARN_EMPTY_BODY = YES;
				CLANG_WARN_ENUM_CONVERSION = YES;
				CLANG_WARN_INT_CONVERSION = YES;
				CLANG_WARN_OBJC_ROOT_CLASS = YES_ERROR;
				CLANG_WARN_UNREACHABLE_CODE = YES;
				CLANG_WARN__DUPLICATE_METHOD_MATCH = YES;
				"CODE_SIGN_IDENTITY[sdk=iphoneos*]" = "iPhone Developer";
				COPY_PHASE_STRIP = NO;
				DEBUG_INFORMATION_FORMAT = dwarf;
				ENABLE_STRICT_OBJC_MSGSEND = YES;
				ENABLE_TESTABILITY = YES;
				GCC_C_LANGUAGE_STANDARD = gnu99;
				GCC_DYNAMIC_NO_PIC = NO;
				GCC_NO_COMMON_BLOCKS = YES;
				GCC_OPTIMIZATION_LEVEL = 0;
				GCC_PREPROCESSOR_DEFINITIONS = (
					"DEBUG=1",
					"$(inherited)",
				);
				GCC_WARN_64_TO_32_BIT_CONVERSION = YES;
				GCC_WARN_ABOUT_RETURN_TYPE = YES_ERROR;
				GCC_WARN_UNDECLARED_SELECTOR = YES;
				GCC_WARN_UNINITIALIZED_AUTOS = YES_AGGRESSIVE;
				GCC_WARN_UNUSED_FUNCTION = YES;
				GCC_WARN_UNUSED_VARIABLE = YES;
				IPHONEOS_DEPLOYMENT_TARGET = 9.2;
				MTL_ENABLE_DEBUG_INFO = YES;
				ONLY_ACTIVE_ARCH = YES;
				SDKROOT = iphoneos;
			};
			name = Debug;
		};
		04D345DD1CB4A8170094ED26 /* Release */ = {
			isa = XCBuildConfiguration;
			buildSettings = {
				ALWAYS_SEARCH_USER_PATHS = NO;
				CLANG_CXX_LANGUAGE_STANDARD = "gnu++0x";
				CLANG_CXX_LIBRARY = "libc++";
				CLANG_ENABLE_MODULES = YES;
				CLANG_ENABLE_OBJC_ARC = YES;
				CLANG_WARN_BOOL_CONVERSION = YES;
				CLANG_WARN_CONSTANT_CONVERSION = YES;
				CLANG_WARN_DIRECT_OBJC_ISA_USAGE = YES_ERROR;
				CLANG_WARN_EMPTY_BODY = YES;
				CLANG_WARN_ENUM_CONVERSION = YES;
				CLANG_WARN_INT_CONVERSION = YES;
				CLANG_WARN_OBJC_ROOT_CLASS = YES_ERROR;
				CLANG_WARN_UNREACHABLE_CODE = YES;
				CLANG_WARN__DUPLICATE_METHOD_MATCH = YES;
				"CODE_SIGN_IDENTITY[sdk=iphoneos*]" = "iPhone Developer";
				COPY_PHASE_STRIP = NO;
				DEBUG_INFORMATION_FORMAT = "dwarf-with-dsym";
				ENABLE_NS_ASSERTIONS = NO;
				ENABLE_STRICT_OBJC_MSGSEND = YES;
				GCC_C_LANGUAGE_STANDARD = gnu99;
				GCC_NO_COMMON_BLOCKS = YES;
				GCC_WARN_64_TO_32_BIT_CONVERSION = YES;
				GCC_WARN_ABOUT_RETURN_TYPE = YES_ERROR;
				GCC_WARN_UNDECLARED_SELECTOR = YES;
				GCC_WARN_UNINITIALIZED_AUTOS = YES_AGGRESSIVE;
				GCC_WARN_UNUSED_FUNCTION = YES;
				GCC_WARN_UNUSED_VARIABLE = YES;
				IPHONEOS_DEPLOYMENT_TARGET = 9.2;
				MTL_ENABLE_DEBUG_INFO = NO;
				SDKROOT = iphoneos;
				VALIDATE_PRODUCT = YES;
			};
			name = Release;
		};
		04D345DF1CB4A8170094ED26 /* Debug */ = {
			isa = XCBuildConfiguration;
			buildSettings = {
				ASSETCATALOG_COMPILER_APPICON_NAME = AppIcon;
				CODE_SIGN_IDENTITY = "iPhone Developer";
				"CODE_SIGN_IDENTITY[sdk=iphoneos*]" = "iPhone Developer";
				INFOPLIST_FILE = imageTapViews/Info.plist;
				LD_RUNPATH_SEARCH_PATHS = "$(inherited) @executable_path/Frameworks";
				PRODUCT_BUNDLE_IDENTIFIER = com.fengli.vyanke.imageTapViews;
				PRODUCT_NAME = "$(TARGET_NAME)";
				PROVISIONING_PROFILE = "";
			};
			name = Debug;
		};
		04D345E01CB4A8170094ED26 /* Release */ = {
			isa = XCBuildConfiguration;
			buildSettings = {
				ASSETCATALOG_COMPILER_APPICON_NAME = AppIcon;
				CODE_SIGN_IDENTITY = "iPhone Developer";
				"CODE_SIGN_IDENTITY[sdk=iphoneos*]" = "iPhone Developer";
				INFOPLIST_FILE = imageTapViews/Info.plist;
				LD_RUNPATH_SEARCH_PATHS = "$(inherited) @executable_path/Frameworks";
				PRODUCT_BUNDLE_IDENTIFIER = com.fengli.vyanke.imageTapViews;
				PRODUCT_NAME = "$(TARGET_NAME)";
				PROVISIONING_PROFILE = "";
			};
			name = Release;
		};
		04D345E21CB4A8170094ED26 /* Debug */ = {
			isa = XCBuildConfiguration;
			buildSettings = {
				BUNDLE_LOADER = "$(TEST_HOST)";
				INFOPLIST_FILE = imageTapViewsTests/Info.plist;
				LD_RUNPATH_SEARCH_PATHS = "$(inherited) @executable_path/Frameworks @loader_path/Frameworks";
				PRODUCT_BUNDLE_IDENTIFIER = com.fengli.vyanke.imageTapViewsTests;
				PRODUCT_NAME = "$(TARGET_NAME)";
				TEST_HOST = "$(BUILT_PRODUCTS_DIR)/imageTapViews.app/imageTapViews";
			};
			name = Debug;
		};
		04D345E31CB4A8170094ED26 /* Release */ = {
			isa = XCBuildConfiguration;
			buildSettings = {
				BUNDLE_LOADER = "$(TEST_HOST)";
				INFOPLIST_FILE = imageTapViewsTests/Info.plist;
				LD_RUNPATH_SEARCH_PATHS = "$(inherited) @executable_path/Frameworks @loader_path/Frameworks";
				PRODUCT_BUNDLE_IDENTIFIER = com.fengli.vyanke.imageTapViewsTests;
				PRODUCT_NAME = "$(TARGET_NAME)";
				TEST_HOST = "$(BUILT_PRODUCTS_DIR)/imageTapViews.app/imageTapViews";
			};
			name = Release;
		};
		04D345E51CB4A8170094ED26 /* Debug */ = {
			isa = XCBuildConfiguration;
			buildSettings = {
				INFOPLIST_FILE = imageTapViewsUITests/Info.plist;
				LD_RUNPATH_SEARCH_PATHS = "$(inherited) @executable_path/Frameworks @loader_path/Frameworks";
				PRODUCT_BUNDLE_IDENTIFIER = com.fengli.vyanke.imageTapViewsUITests;
				PRODUCT_NAME = "$(TARGET_NAME)";
				TEST_TARGET_NAME = imageTapViews;
				USES_XCTRUNNER = YES;
			};
			name = Debug;
		};
		04D345E61CB4A8170094ED26 /* Release */ = {
			isa = XCBuildConfiguration;
			buildSettings = {
				INFOPLIST_FILE = imageTapViewsUITests/Info.plist;
				LD_RUNPATH_SEARCH_PATHS = "$(inherited) @executable_path/Frameworks @loader_path/Frameworks";
				PRODUCT_BUNDLE_IDENTIFIER = com.fengli.vyanke.imageTapViewsUITests;
				PRODUCT_NAME = "$(TARGET_NAME)";
				TEST_TARGET_NAME = imageTapViews;
				USES_XCTRUNNER = YES;
			};
			name = Release;
		};
/* End XCBuildConfiguration section */

/* Begin XCConfigurationList section */
		04D345A91CB4A8170094ED26 /* Build configuration list for PBXProject "imageTapViews" */ = {
			isa = XCConfigurationList;
			buildConfigurations = (
				04D345DC1CB4A8170094ED26 /* Debug */,
				04D345DD1CB4A8170094ED26 /* Release */,
			);
			defaultConfigurationIsVisible = 0;
			defaultConfigurationName = Release;
		};
		04D345DE1CB4A8170094ED26 /* Build configuration list for PBXNativeTarget "imageTapViews" */ = {
			isa = XCConfigurationList;
			buildConfigurations = (
				04D345DF1CB4A8170094ED26 /* Debug */,
				04D345E01CB4A8170094ED26 /* Release */,
			);
			defaultConfigurationIsVisible = 0;
			defaultConfigurationName = Release;
		};
		04D345E11CB4A8170094ED26 /* Build configuration list for PBXNativeTarget "imageTapViewsTests" */ = {
			isa = XCConfigurationList;
			buildConfigurations = (
				04D345E21CB4A8170094ED26 /* Debug */,
				04D345E31CB4A8170094ED26 /* Release */,
			);
			defaultConfigurationIsVisible = 0;
			defaultConfigurationName = Release;
		};
		04D345E41CB4A8170094ED26 /* Build configuration list for PBXNativeTarget "imageTapViewsUITests" */ = {
			isa = XCConfigurationList;
			buildConfigurations = (
				04D345E51CB4A8170094ED26 /* Debug */,
				04D345E61CB4A8170094ED26 /* Release */,
			);
			defaultConfigurationIsVisible = 0;
			defaultConfigurationName = Release;
		};
/* End XCConfigurationList section */

/* Begin XCVersionGroup section */
		04D345BD1CB4A8170094ED26 /* imageTapViews.xcdatamodeld */ = {
			isa = XCVersionGroup;
			children = (
				04D345BE1CB4A8170094ED26 /* imageTapViews.xcdatamodel */,
			);
			currentVersion = 04D345BE1CB4A8170094ED26 /* imageTapViews.xcdatamodel */;
			path = imageTapViews.xcdatamodeld;
			sourceTree = "<group>";
			versionGroupType = wrapper.xcdatamodel;
		};
/* End XCVersionGroup section */
	};
	rootObject = 04D345A61CB4A8170094ED26 /* Project object */;
}
